
Microsoft Visual Studio Solution File, Format Version 12.00
# Visual Studio Version 17
VisualStudioVersion = 17.5.002.0
MinimumVisualStudioVersion = 10.0.40219.1
Project("{9A19103F-16F7-4668-BE54-9A1E7A4F7556}") = "ContainsDuplicate", "ContainsDuplicate.csproj", "{A6E2ECF4-84A3-47A9-9288-981FB210EB3C}"
EndProject
Global
	GlobalSection(SolutionConfigurationPlatforms) = preSolution
		Debug|Any CPU = Debug|Any CPU
		Release|Any CPU = Release|Any CPU
	EndGlobalSection
	GlobalSection(ProjectConfigurationPlatforms) = postSolution
		{A6E2ECF4-84A3-47A9-9288-981FB210EB3C}.Debug|Any CPU.ActiveCfg = Debug|Any CPU
		{A6E2ECF4-84A3-47A9-9288-981FB210EB3C}.Debug|Any CPU.Build.0 = Debug|Any CPU
		{A6E2ECF4-84A3-47A9-9288-981FB210EB3C}.Release|Any CPU.ActiveCfg = Release|Any CPU
		{A6E2ECF4-84A3-47A9-9288-981FB210EB3C}.Release|Any CPU.Build.0 = Release|Any CPU
	EndGlobalSection
	GlobalSection(SolutionProperties) = preSolution
		HideSolutionNode = FALSE
	EndGlobalSection
	GlobalSection(ExtensibilityGlobals) = postSolution
		SolutionGuid = {4495C7D2-B2B8-4CCB-B1AA-DDA7721A7AB8}
	EndGlobalSection
EndGlobal
